
Microsoft Visual Studio Solution File, Format Version 12.00
# Visual Studio Version 16
VisualStudioVersion = 16.0.29215.179
MinimumVisualStudioVersion = 10.0.40219.1
Project("{2150E333-8FDC-42A3-9474-1A3956D46DE8}") = "CMGS.Infrastructure", "CMGS.Infrastructure", "{1B534909-4ED2-4B31-81AE-91068374109E}"
EndProject
Project("{FAE04EC0-301F-11D3-BF4B-00C04F79EFBC}") = "Infrastructure.EnterpriseLibrary", "Infrastructure.EnterpriseLibrary\Infrastructure.EnterpriseLibrary.csproj", "{A385AFD8-7D81-47D6-99FE-5FD666164B60}"
EndProject
Project("{FAE04EC0-301F-11D3-BF4B-00C04F79EFBC}") = "Infrastructure.DAL", "Infrastructure.DAL\Infrastructure.DAL.csproj", "{96FFFB5F-0713-47A1-B2D7-9128DBD56107}"
EndProject
Project("{FAE04EC0-301F-11D3-BF4B-00C04F79EFBC}") = "Permission.DAL", "Permission.DAL\Permission.DAL.csproj", "{899BF54E-9B16-4A5F-8EBF-19FE0F355B6E}"
EndProject
Project("{FAE04EC0-301F-11D3-BF4B-00C04F79EFBC}") = "Utilities", "Utilities\Utilities.csproj", "{B29BBADE-7EE4-4C9A-8840-EEFB4A798AA2}"
EndProject
Project("{2150E333-8FDC-42A3-9474-1A3956D46DE8}") = "CMGS.UI", "CMGS.UI", "{A7B409FC-8685-4286-9AC8-E5D920332065}"
EndProject
Project("{FAE04EC0-301F-11D3-BF4B-00C04F79EFBC}") = "UI.Web", "UI.Web\UI.Web.csproj", "{C1E379C6-F045-4BD5-BA59-5293E8E2CD16}"
EndProject
Project("{FAE04EC0-301F-11D3-BF4B-00C04F79EFBC}") = "DomainInterface", "DomainInterface\DomainInterface.csproj", "{F07A1F32-8F62-4E73-B25B-B5A2413A945B}"
EndProject
Project("{FAE04EC0-301F-11D3-BF4B-00C04F79EFBC}") = "UI.Culture", "UI.Culture\UI.Culture.csproj", "{2A464B36-8F40-437D-A8F5-E1982AB97ABA}"
EndProject
Global
	GlobalSection(SolutionConfigurationPlatforms) = preSolution
		Debug|Any CPU = Debug|Any CPU
		Debug|x86 = Debug|x86
		Release|Any CPU = Release|Any CPU
		Release|x86 = Release|x86
	EndGlobalSection
	GlobalSection(ProjectConfigurationPlatforms) = postSolution
		{A385AFD8-7D81-47D6-99FE-5FD666164B60}.Debug|Any CPU.ActiveCfg = Debug|Any CPU
		{A385AFD8-7D81-47D6-99FE-5FD666164B60}.Debug|Any CPU.Build.0 = Debug|Any CPU
		{A385AFD8-7D81-47D6-99FE-5FD666164B60}.Debug|x86.ActiveCfg = Debug|Any CPU
		{A385AFD8-7D81-47D6-99FE-5FD666164B60}.Debug|x86.Build.0 = Debug|Any CPU
		{A385AFD8-7D81-47D6-99FE-5FD666164B60}.Release|Any CPU.ActiveCfg = Release|Any CPU
		{A385AFD8-7D81-47D6-99FE-5FD666164B60}.Release|Any CPU.Build.0 = Release|Any CPU
		{A385AFD8-7D81-47D6-99FE-5FD666164B60}.Release|x86.ActiveCfg = Release|Any CPU
		{A385AFD8-7D81-47D6-99FE-5FD666164B60}.Release|x86.Build.0 = Release|Any CPU
		{96FFFB5F-0713-47A1-B2D7-9128DBD56107}.Debug|Any CPU.ActiveCfg = Debug|Any CPU
		{96FFFB5F-0713-47A1-B2D7-9128DBD56107}.Debug|Any CPU.Build.0 = Debug|Any CPU
		{96FFFB5F-0713-47A1-B2D7-9128DBD56107}.Debug|x86.ActiveCfg = Debug|Any CPU
		{96FFFB5F-0713-47A1-B2D7-9128DBD56107}.Debug|x86.Build.0 = Debug|Any CPU
		{96FFFB5F-0713-47A1-B2D7-9128DBD56107}.Release|Any CPU.ActiveCfg = Release|Any CPU
		{96FFFB5F-0713-47A1-B2D7-9128DBD56107}.Release|Any CPU.Build.0 = Release|Any CPU
		{96FFFB5F-0713-47A1-B2D7-9128DBD56107}.Release|x86.ActiveCfg = Release|Any CPU
		{96FFFB5F-0713-47A1-B2D7-9128DBD56107}.Release|x86.Build.0 = Release|Any CPU
		{899BF54E-9B16-4A5F-8EBF-19FE0F355B6E}.Debug|Any CPU.ActiveCfg = Debug|Any CPU
		{899BF54E-9B16-4A5F-8EBF-19FE0F355B6E}.Debug|Any CPU.Build.0 = Debug|Any CPU
		{899BF54E-9B16-4A5F-8EBF-19FE0F355B6E}.Debug|x86.ActiveCfg = Debug|Any CPU
		{899BF54E-9B16-4A5F-8EBF-19FE0F355B6E}.Debug|x86.Build.0 = Debug|Any CPU
		{899BF54E-9B16-4A5F-8EBF-19FE0F355B6E}.Release|Any CPU.ActiveCfg = Release|Any CPU
		{899BF54E-9B16-4A5F-8EBF-19FE0F355B6E}.Release|Any CPU.Build.0 = Release|Any CPU
		{899BF54E-9B16-4A5F-8EBF-19FE0F355B6E}.Release|x86.ActiveCfg = Release|Any CPU
		{899BF54E-9B16-4A5F-8EBF-19FE0F355B6E}.Release|x86.Build.0 = Release|Any CPU
		{B29BBADE-7EE4-4C9A-8840-EEFB4A798AA2}.Debug|Any CPU.ActiveCfg = Debug|Any CPU
		{B29BBADE-7EE4-4C9A-8840-EEFB4A798AA2}.Debug|Any CPU.Build.0 = Debug|Any CPU
		{B29BBADE-7EE4-4C9A-8840-EEFB4A798AA2}.Debug|x86.ActiveCfg = Debug|Any CPU
		{B29BBADE-7EE4-4C9A-8840-EEFB4A798AA2}.Debug|x86.Build.0 = Debug|Any CPU
		{B29BBADE-7EE4-4C9A-8840-EEFB4A798AA2}.Release|Any CPU.ActiveCfg = Release|Any CPU
		{B29BBADE-7EE4-4C9A-8840-EEFB4A798AA2}.Release|Any CPU.Build.0 = Release|Any CPU
		{B29BBADE-7EE4-4C9A-8840-EEFB4A798AA2}.Release|x86.ActiveCfg = Release|Any CPU
		{B29BBADE-7EE4-4C9A-8840-EEFB4A798AA2}.Release|x86.Build.0 = Release|Any CPU
		{C1E379C6-F045-4BD5-BA59-5293E8E2CD16}.Debug|Any CPU.ActiveCfg = Debug|Any CPU
		{C1E379C6-F045-4BD5-BA59-5293E8E2CD16}.Debug|Any CPU.Build.0 = Debug|Any CPU
		{C1E379C6-F045-4BD5-BA59-5293E8E2CD16}.Debug|x86.ActiveCfg = Debug|Any CPU
		{C1E379C6-F045-4BD5-BA59-5293E8E2CD16}.Debug|x86.Build.0 = Debug|Any CPU
		{C1E379C6-F045-4BD5-BA59-5293E8E2CD16}.Release|Any CPU.ActiveCfg = Release|Any CPU
		{C1E379C6-F045-4BD5-BA59-5293E8E2CD16}.Release|Any CPU.Build.0 = Release|Any CPU
		{C1E379C6-F045-4BD5-BA59-5293E8E2CD16}.Release|x86.ActiveCfg = Release|Any CPU
		{C1E379C6-F045-4BD5-BA59-5293E8E2CD16}.Release|x86.Build.0 = Release|Any CPU
		{F07A1F32-8F62-4E73-B25B-B5A2413A945B}.Debug|Any CPU.ActiveCfg = Debug|Any CPU
		{F07A1F32-8F62-4E73-B25B-B5A2413A945B}.Debug|Any CPU.Build.0 = Debug|Any CPU
		{F07A1F32-8F62-4E73-B25B-B5A2413A945B}.Debug|x86.ActiveCfg = Debug|Any CPU
		{F07A1F32-8F62-4E73-B25B-B5A2413A945B}.Debug|x86.Build.0 = Debug|Any CPU
		{F07A1F32-8F62-4E73-B25B-B5A2413A945B}.Release|Any CPU.ActiveCfg = Release|Any CPU
		{F07A1F32-8F62-4E73-B25B-B5A2413A945B}.Release|Any CPU.Build.0 = Release|Any CPU
		{F07A1F32-8F62-4E73-B25B-B5A2413A945B}.Release|x86.ActiveCfg = Release|Any CPU
		{F07A1F32-8F62-4E73-B25B-B5A2413A945B}.Release|x86.Build.0 = Release|Any CPU
		{2A464B36-8F40-437D-A8F5-E1982AB97ABA}.Debug|Any CPU.ActiveCfg = Debug|x86
		{2A464B36-8F40-437D-A8F5-E1982AB97ABA}.Debug|x86.ActiveCfg = Debug|x86
		{2A464B36-8F40-437D-A8F5-E1982AB97ABA}.Debug|x86.Build.0 = Debug|x86
		{2A464B36-8F40-437D-A8F5-E1982AB97ABA}.Release|Any CPU.ActiveCfg = Release|x86
		{2A464B36-8F40-437D-A8F5-E1982AB97ABA}.Release|x86.ActiveCfg = Release|x86
		{2A464B36-8F40-437D-A8F5-E1982AB97ABA}.Release|x86.Build.0 = Release|x86
	EndGlobalSection
	GlobalSection(SolutionProperties) = preSolution
		HideSolutionNode = FALSE
	EndGlobalSection
	GlobalSection(NestedProjects) = preSolution
		{A385AFD8-7D81-47D6-99FE-5FD666164B60} = {1B534909-4ED2-4B31-81AE-91068374109E}
		{96FFFB5F-0713-47A1-B2D7-9128DBD56107} = {1B534909-4ED2-4B31-81AE-91068374109E}
		{899BF54E-9B16-4A5F-8EBF-19FE0F355B6E} = {1B534909-4ED2-4B31-81AE-91068374109E}
		{B29BBADE-7EE4-4C9A-8840-EEFB4A798AA2} = {1B534909-4ED2-4B31-81AE-91068374109E}
		{C1E379C6-F045-4BD5-BA59-5293E8E2CD16} = {A7B409FC-8685-4286-9AC8-E5D920332065}
		{F07A1F32-8F62-4E73-B25B-B5A2413A945B} = {A7B409FC-8685-4286-9AC8-E5D920332065}
		{2A464B36-8F40-437D-A8F5-E1982AB97ABA} = {A7B409FC-8685-4286-9AC8-E5D920332065}
	EndGlobalSection
	GlobalSection(ExtensibilityGlobals) = postSolution
		SolutionGuid = {6D9A437B-DFE3-494C-BE90-D7FD0EB6D856}
	EndGlobalSection
EndGlobal
